
Microsoft Visual Studio Solution File, Format Version 12.00
# Visual Studio Version 16
VisualStudioVersion = 16.0.30523.141
MinimumVisualStudioVersion = 10.0.40219.1
Project("{FAE04EC0-301F-11D3-BF4B-00C04F79EFBC}") = "AssignmentDiary", "AssignmentDiary.csproj", "{8B28C4ED-CE57-424A-9758-24615576ABBA}"
EndProject
Global
	GlobalSection(SolutionConfigurationPlatforms) = preSolution
		Debug|Any CPU = Debug|Any CPU
		Release|Any CPU = Release|Any CPU
	EndGlobalSection
	GlobalSection(ProjectConfigurationPlatforms) = postSolution
		{8B28C4ED-CE57-424A-9758-24615576ABBA}.Debug|Any CPU.ActiveCfg = Debug|Any CPU
		{8B28C4ED-CE57-424A-9758-24615576ABBA}.Debug|Any CPU.Build.0 = Debug|Any CPU
		{8B28C4ED-CE57-424A-9758-24615576ABBA}.Release|Any CPU.ActiveCfg = Release|Any CPU
		{8B28C4ED-CE57-424A-9758-24615576ABBA}.Release|Any CPU.Build.0 = Release|Any CPU
	EndGlobalSection
	GlobalSection(SolutionProperties) = preSolution
		HideSolutionNode = FALSE
	EndGlobalSection
	GlobalSection(ExtensibilityGlobals) = postSolution
		SolutionGuid = {24385BC1-C435-4697-92EC-B5364A3DE575}
	EndGlobalSection
EndGlobal
